
Microsoft Visual Studio Solution File, Format Version 12.00
# Visual Studio Version 17
VisualStudioVersion = 17.10.34928.147
MinimumVisualStudioVersion = 10.0.40219.1
Project("{FAE04EC0-301F-11D3-BF4B-00C04F79EFBC}") = "DependencyInjection", "DependencyInjection.csproj", "{FBE6D174-C2A4-4072-846B-816E9FC75AB2}"
EndProject
Global
	GlobalSection(SolutionConfigurationPlatforms) = preSolution
		Debug|Any CPU = Debug|Any CPU
		Release|Any CPU = Release|Any CPU
	EndGlobalSection
	GlobalSection(ProjectConfigurationPlatforms) = postSolution
		{FBE6D174-C2A4-4072-846B-816E9FC75AB2}.Debug|Any CPU.ActiveCfg = Debug|Any CPU
		{FBE6D174-C2A4-4072-846B-816E9FC75AB2}.Debug|Any CPU.Build.0 = Debug|Any CPU
		{FBE6D174-C2A4-4072-846B-816E9FC75AB2}.Release|Any CPU.ActiveCfg = Release|Any CPU
		{FBE6D174-C2A4-4072-846B-816E9FC75AB2}.Release|Any CPU.Build.0 = Release|Any CPU
	EndGlobalSection
	GlobalSection(SolutionProperties) = preSolution
		HideSolutionNode = FALSE
	EndGlobalSection
	GlobalSection(ExtensibilityGlobals) = postSolution
		SolutionGuid = {749D2493-E6B9-4CBA-946E-E41EA2C7CB3D}
	EndGlobalSection
EndGlobal
